PODS:
  - AMap2DMap (5.6.1):
    - AMapFoundation (~> 1.4)
  - AMapFoundation (1.5.4)
  - AMapSearch (6.1.1):
    - AMapFoundation (~> 1.4)

DEPENDENCIES:
  - AMap2DMap
  - AMapSearch

SPEC CHECKSUMS:
  AMap2DMap: cac76bc057de18a1641f34df6b50bf5bc6b23571
  AMapFoundation: bff8688722e886feda4edd77f1443746ddd7e2e2
  AMapSearch: 3dcbf85c403a2a0fe0eda5318caabc272b31f5e1

PODFILE CHECKSUM: c4501043e5ae71e5de13800bfcc203377165fcd1

COCOAPODS: 1.4.0
